
Microsoft Visual Studio Solution File, Format Version 12.00
# Visual Studio 15
VisualStudioVersion = 15.0.28010.2048
MinimumVisualStudioVersion = 10.0.40219.1
Project("{FAE04EC0-301F-11D3-BF4B-00C04F79EFBC}") = "NuspecMaker", "NuspecMaker\NuspecMaker.csproj", "{58BB541C-A85E-4047-BF1E-C3DC062A5A8E}"
EndProject
Global
	GlobalSection(SolutionConfigurationPlatforms) = preSolution
		Debug|Any CPU = Debug|Any CPU
		Release|Any CPU = Release|Any CPU
	EndGlobalSection
	GlobalSection(ProjectConfigurationPlatforms) = postSolution
		{58BB541C-A85E-4047-BF1E-C3DC062A5A8E}.Debug|Any CPU.ActiveCfg = Debug|Any CPU
		{58BB541C-A85E-4047-BF1E-C3DC062A5A8E}.Debug|Any CPU.Build.0 = Debug|Any CPU
		{58BB541C-A85E-4047-BF1E-C3DC062A5A8E}.Release|Any CPU.ActiveCfg = Release|Any CPU
		{58BB541C-A85E-4047-BF1E-C3DC062A5A8E}.Release|Any CPU.Build.0 = Release|Any CPU
	EndGlobalSection
	GlobalSection(SolutionProperties) = preSolution
		HideSolutionNode = FALSE
	EndGlobalSection
	GlobalSection(ExtensibilityGlobals) = postSolution
		SolutionGuid = {E35A5F61-774E-4453-ACF5-EEDE83132A45}
	EndGlobalSection
EndGlobal
